// !$*UTF8*$!
{
	archiveVersion = 1;
	classes = {
	};
	objectVersion = 55;
	objects = {

/* Begin PBXBuildFile section */
		471A673F27427DF6006F8183 /* Tests_iOS.swift in Sources */ = {isa = PBXBuildFile; fileRef = 471A673E27427DF6006F8183 /* Tests_iOS.swift */; };
		471A674127427DF6006F8183 /* Tests_iOSLaunchTests.swift in Sources */ = {isa = PBXBuildFile; fileRef = 471A674027427DF6006F8183 /* Tests_iOSLaunchTests.swift */; };
		471A674B27427DF6006F8183 /* Tests_macOS.swift in Sources */ = {isa = PBXBuildFile; fileRef = 471A674A27427DF6006F8183 /* Tests_macOS.swift */; };
		471A674D27427DF6006F8183 /* Tests_macOSLaunchTests.swift in Sources */ = {isa = PBXBuildFile; fileRef = 471A674C27427DF6006F8183 /* Tests_macOSLaunchTests.swift */; };
		471A674E27427DF6006F8183 /* JourneyApp.xcdatamodeld in Sources */ = {isa = PBXBuildFile; fileRef = 471A672327427DF5006F8183 /* JourneyApp.xcdatamodeld */; };
		471A674F27427DF6006F8183 /* JourneyApp.xcdatamodeld in Sources */ = {isa = PBXBuildFile; fileRef = 471A672327427DF5006F8183 /* JourneyApp.xcdatamodeld */; };
		471A675427427DF6006F8183 /* Persistence.swift in Sources */ = {isa = PBXBuildFile; fileRef = 471A672727427DF5006F8183 /* Persistence.swift */; };
		471A675527427DF6006F8183 /* Persistence.swift in Sources */ = {isa = PBXBuildFile; fileRef = 471A672727427DF5006F8183 /* Persistence.swift */; };
		471A675627427DF6006F8183 /* Assets.xcassets in Resources */ = {isa = PBXBuildFile; fileRef = 471A672827427DF6006F8183 /* Assets.xcassets */; };
		471A675727427DF6006F8183 /* Assets.xcassets in Resources */ = {isa = PBXBuildFile; fileRef = 471A672827427DF6006F8183 /* Assets.xcassets */; };
		47337B3B27450514008C9247 /* JourneyAppApp.swift in Sources */ = {isa = PBXBuildFile; fileRef = 47337B3A27450514008C9247 /* JourneyAppApp.swift */; };
		47337B3C27450514008C9247 /* JourneyAppApp.swift in Sources */ = {isa = PBXBuildFile; fileRef = 47337B3A27450514008C9247 /* JourneyAppApp.swift */; };
		4797E8452747FD8D00762A03 /* IntroView.swift in Sources */ = {isa = PBXBuildFile; fileRef = 4797E8442747FD8D00762A03 /* IntroView.swift */; };
		4797E8462747FD8D00762A03 /* IntroView.swift in Sources */ = {isa = PBXBuildFile; fileRef = 4797E8442747FD8D00762A03 /* IntroView.swift */; };
		47DCA618274505DC0054009A /* ContentView.swift in Sources */ = {isa = PBXBuildFile; fileRef = 47DCA612274505DC0054009A /* ContentView.swift */; };
		47DCA619274505DC0054009A /* ContentView.swift in Sources */ = {isa = PBXBuildFile; fileRef = 47DCA612274505DC0054009A /* ContentView.swift */; };
		47DCA61A274505DC0054009A /* NewActivityView.swift in Sources */ = {isa = PBXBuildFile; fileRef = 47DCA613274505DC0054009A /* NewActivityView.swift */; };
		47DCA61B274505DC0054009A /* NewActivityView.swift in Sources */ = {isa = PBXBuildFile; fileRef = 47DCA613274505DC0054009A /* NewActivityView.swift */; };
		926F5A48274B9432009FE115 /* ModifyActivityView.swift in Sources */ = {isa = PBXBuildFile; fileRef = 926F5A47274B9432009FE115 /* ModifyActivityView.swift */; };
		926F5A49274B9432009FE115 /* ModifyActivityView.swift in Sources */ = {isa = PBXBuildFile; fileRef = 926F5A47274B9432009FE115 /* ModifyActivityView.swift */; };
		926F5A4B274BA3C8009FE115 /* RoutineDetailView.swift in Sources */ = {isa = PBXBuildFile; fileRef = 926F5A4A274BA3C8009FE115 /* RoutineDetailView.swift */; };
		926F5A4C274BA3C8009FE115 /* RoutineDetailView.swift in Sources */ = {isa = PBXBuildFile; fileRef = 926F5A4A274BA3C8009FE115 /* RoutineDetailView.swift */; };
		926F5A4E274BBB62009FE115 /* ModifiyView.swift in Sources */ = {isa = PBXBuildFile; fileRef = 926F5A4D274BBB62009FE115 /* ModifiyView.swift */; };
		926F5A4F274BBB62009FE115 /* ModifiyView.swift in Sources */ = {isa = PBXBuildFile; fileRef = 926F5A4D274BBB62009FE115 /* ModifiyView.swift */; };
		92E014742747F4A900B98EC8 /* TipsView.swift in Sources */ = {isa = PBXBuildFile; fileRef = 92E014732747F4A900B98EC8 /* TipsView.swift */; };
		92E014752747F4A900B98EC8 /* TipsView.swift in Sources */ = {isa = PBXBuildFile; fileRef = 92E014732747F4A900B98EC8 /* TipsView.swift */; };
		92E014772747F52000B98EC8 /* TipsData.swift in Sources */ = {isa = PBXBuildFile; fileRef = 92E014762747F52000B98EC8 /* TipsData.swift */; };
		92E014782747F52000B98EC8 /* TipsData.swift in Sources */ = {isa = PBXBuildFile; fileRef = 92E014762747F52000B98EC8 /* TipsData.swift */; };
		92E0147A2747F56100B98EC8 /* TipsModel.swift in Sources */ = {isa = PBXBuildFile; fileRef = 92E014792747F56100B98EC8 /* TipsModel.swift */; };
		92E0147B2747F56100B98EC8 /* TipsModel.swift in Sources */ = {isa = PBXBuildFile; fileRef = 92E014792747F56100B98EC8 /* TipsModel.swift */; };
/* End PBXBuildFile section */

/* Begin PBXContainerItemProxy section */
		471A673B27427DF6006F8183 /* PBXContainerItemProxy */ = {
			isa = PBXContainerItemProxy;
			containerPortal = 471A671E27427DF5006F8183 /* Project object */;
			proxyType = 1;
			remoteGlobalIDString = 471A672C27427DF6006F8183;
			remoteInfo = "JourneyApp (iOS)";
		};
		471A674727427DF6006F8183 /* PBXContainerItemProxy */ = {
			isa = PBXContainerItemProxy;
			containerPortal = 471A671E27427DF5006F8183 /* Project object */;
			proxyType = 1;
			remoteGlobalIDString = 471A673227427DF6006F8183;
			remoteInfo = "JourneyApp (macOS)";
		};
/* End PBXContainerItemProxy section */

/* Begin PBXFileReference section */
		471A672427427DF5006F8183 /* Shared.xcdatamodel */ = {isa = PBXFileReference; lastKnownFileType = wrapper.xcdatamodel; path = Shared.xcdatamodel; sourceTree = "<group>"; };
		471A672727427DF5006F8183 /* Persistence.swift */ = {isa = PBXFileReference; lastKnownFileType = sourcecode.swift; path = Persistence.swift; sourceTree = "<group>"; };
		471A672827427DF6006F8183 /* Assets.xcassets */ = {isa = PBXFileReference; lastKnownFileType = folder.assetcatalog; path = Assets.xcassets; sourceTree = "<group>"; };
		471A672D27427DF6006F8183 /* Road21.app */ = {isa = PBXFileReference; explicitFileType = wrapper.application; includeInIndex = 0; path = Road21.app; sourceTree = BUILT_PRODUCTS_DIR; };
		471A673327427DF6006F8183 /* Road21.app */ = {isa = PBXFileReference; explicitFileType = wrapper.application; includeInIndex = 0; path = Road21.app; sourceTree = BUILT_PRODUCTS_DIR; };
		471A673527427DF6006F8183 /* macOS.entitlements */ = {isa = PBXFileReference; lastKnownFileType = text.plist.entitlements; path = macOS.entitlements; sourceTree = "<group>"; };
		471A673A27427DF6006F8183 /* Tests iOS.xctest */ = {isa = PBXFileReference; explicitFileType = wrapper.cfbundle; includeInIndex = 0; path = "Tests iOS.xctest"; sourceTree = BUILT_PRODUCTS_DIR; };
		471A673E27427DF6006F8183 /* Tests_iOS.swift */ = {isa = PBXFileReference; lastKnownFileType = sourcecode.swift; path = Tests_iOS.swift; sourceTree = "<group>"; };
		471A674027427DF6006F8183 /* Tests_iOSLaunchTests.swift */ = {isa = PBXFileReference; lastKnownFileType = sourcecode.swift; path = Tests_iOSLaunchTests.swift; sourceTree = "<group>"; };
		471A674627427DF6006F8183 /* Tests macOS.xctest */ = {isa = PBXFileReference; explicitFileType = wrapper.cfbundle; includeInIndex = 0; path = "Tests macOS.xctest"; sourceTree = BUILT_PRODUCTS_DIR; };
		471A674A27427DF6006F8183 /* Tests_macOS.swift */ = {isa = PBXFileReference; lastKnownFileType = sourcecode.swift; path = Tests_macOS.swift; sourceTree = "<group>"; };
		471A674C27427DF6006F8183 /* Tests_macOSLaunchTests.swift */ = {isa = PBXFileReference; lastKnownFileType = sourcecode.swift; path = Tests_macOSLaunchTests.swift; sourceTree = "<group>"; };
		47337B3A27450514008C9247 /* JourneyAppApp.swift */ = {isa = PBXFileReference; lastKnownFileType = sourcecode.swift; path = JourneyAppApp.swift; sourceTree = "<group>"; };
		4797E8442747FD8D00762A03 /* IntroView.swift */ = {isa = PBXFileReference; fileEncoding = 4; lastKnownFileType = sourcecode.swift; path = IntroView.swift; sourceTree = "<group>"; };
		47DCA612274505DC0054009A /* ContentView.swift */ = {isa = PBXFileReference; fileEncoding = 4; lastKnownFileType = sourcecode.swift; path = ContentView.swift; sourceTree = "<group>"; };
		47DCA613274505DC0054009A /* NewActivityView.swift */ = {isa = PBXFileReference; fileEncoding = 4; lastKnownFileType = sourcecode.swift; path = NewActivityView.swift; sourceTree = "<group>"; };
		926F5A47274B9432009FE115 /* ModifyActivityView.swift */ = {isa = PBXFileReference; lastKnownFileType = sourcecode.swift; path = ModifyActivityView.swift; sourceTree = "<group>"; };
		926F5A4A274BA3C8009FE115 /* RoutineDetailView.swift */ = {isa = PBXFileReference; lastKnownFileType = sourcecode.swift; path = RoutineDetailView.swift; sourceTree = "<group>"; };
		926F5A4D274BBB62009FE115 /* ModifiyView.swift */ = {isa = PBXFileReference; lastKnownFileType = sourcecode.swift; path = ModifiyView.swift; sourceTree = "<group>"; };
		92E014732747F4A900B98EC8 /* TipsView.swift */ = {isa = PBXFileReference; lastKnownFileType = sourcecode.swift; path = TipsView.swift; sourceTree = "<group>"; };
		92E014762747F52000B98EC8 /* TipsData.swift */ = {isa = PBXFileReference; fileEncoding = 4; lastKnownFileType = sourcecode.swift; path = TipsData.swift; sourceTree = "<group>"; };
		92E014792747F56100B98EC8 /* TipsModel.swift */ = {isa = PBXFileReference; fileEncoding = 4; lastKnownFileType = sourcecode.swift; path = TipsModel.swift; sourceTree = "<group>"; };
/* End PBXFileReference section */

/* Begin PBXFrameworksBuildPhase section */
		471A672A27427DF6006F8183 /* Frameworks */ = {
			isa = PBXFrameworksBuildPhase;
			buildActionMask = 2147483647;
			files = (
			);
			runOnlyForDeploymentPostprocessing = 0;
		};
		471A673027427DF6006F8183 /* Frameworks */ = {
			isa = PBXFrameworksBuildPhase;
			buildActionMask = 2147483647;
			files = (
			);
			runOnlyForDeploymentPostprocessing = 0;
		};
		471A673727427DF6006F8183 /* Frameworks */ = {
			isa = PBXFrameworksBuildPhase;
			buildActionMask = 2147483647;
			files = (
			);
			runOnlyForDeploymentPostprocessing = 0;
		};
		471A674327427DF6006F8183 /* Frameworks */ = {
			isa = PBXFrameworksBuildPhase;
			buildActionMask = 2147483647;
			files = (
			);
			runOnlyForDeploymentPostprocessing = 0;
		};
/* End PBXFrameworksBuildPhase section */

/* Begin PBXGroup section */
		471A671D27427DF5006F8183 = {
			isa = PBXGroup;
			children = (
				471A672227427DF5006F8183 /* Shared */,
				471A673427427DF6006F8183 /* macOS */,
				471A673D27427DF6006F8183 /* Tests iOS */,
				471A674927427DF6006F8183 /* Tests macOS */,
				471A672E27427DF6006F8183 /* Products */,
			);
			sourceTree = "<group>";
		};
		471A672227427DF5006F8183 /* Shared */ = {
			isa = PBXGroup;
			children = (
				926F5A43274B93E0009FE115 /* Views */,
				926F5A44274B93E8009FE115 /* Models */,
				926F5A46274B93FA009FE115 /* Data */,
				471A672727427DF5006F8183 /* Persistence.swift */,
				471A672827427DF6006F8183 /* Assets.xcassets */,
				471A672327427DF5006F8183 /* JourneyApp.xcdatamodeld */,
				47337B3A27450514008C9247 /* JourneyAppApp.swift */,
			);
			path = Shared;
			sourceTree = "<group>";
		};
		471A672E27427DF6006F8183 /* Products */ = {
			isa = PBXGroup;
			children = (
				471A672D27427DF6006F8183 /* Road21.app */,
				471A673327427DF6006F8183 /* Road21.app */,
				471A673A27427DF6006F8183 /* Tests iOS.xctest */,
				471A674627427DF6006F8183 /* Tests macOS.xctest */,
			);
			name = Products;
			sourceTree = "<group>";
		};
		471A673427427DF6006F8183 /* macOS */ = {
			isa = PBXGroup;
			children = (
				471A673527427DF6006F8183 /* macOS.entitlements */,
			);
			path = macOS;
			sourceTree = "<group>";
		};
		471A673D27427DF6006F8183 /* Tests iOS */ = {
			isa = PBXGroup;
			children = (
				471A673E27427DF6006F8183 /* Tests_iOS.swift */,
				471A674027427DF6006F8183 /* Tests_iOSLaunchTests.swift */,
			);
			path = "Tests iOS";
			sourceTree = "<group>";
		};
		471A674927427DF6006F8183 /* Tests macOS */ = {
			isa = PBXGroup;
			children = (
				471A674A27427DF6006F8183 /* Tests_macOS.swift */,
				471A674C27427DF6006F8183 /* Tests_macOSLaunchTests.swift */,
			);
			path = "Tests macOS";
			sourceTree = "<group>";
		};
		926F5A43274B93E0009FE115 /* Views */ = {
			isa = PBXGroup;
			children = (
				926F5A4D274BBB62009FE115 /* ModifiyView.swift */,
				4797E8442747FD8D00762A03 /* IntroView.swift */,
				47DCA612274505DC0054009A /* ContentView.swift */,
				926F5A4A274BA3C8009FE115 /* RoutineDetailView.swift */,
				92E014732747F4A900B98EC8 /* TipsView.swift */,
				47DCA613274505DC0054009A /* NewActivityView.swift */,
				926F5A47274B9432009FE115 /* ModifyActivityView.swift */,
			);
			path = Views;
			sourceTree = "<group>";
		};
		926F5A44274B93E8009FE115 /* Models */ = {
			isa = PBXGroup;
			children = (
				92E014792747F56100B98EC8 /* TipsModel.swift */,
			);
			path = Models;
			sourceTree = "<group>";
		};
		926F5A46274B93FA009FE115 /* Data */ = {
			isa = PBXGroup;
			children = (
				92E014762747F52000B98EC8 /* TipsData.swift */,
			);
			path = Data;
			sourceTree = "<group>";
		};
/* End PBXGroup section */

/* Begin PBXNativeTarget section */
		471A672C27427DF6006F8183 /* Road21 (iOS) */ = {
			isa = PBXNativeTarget;
			buildConfigurationList = 471A675A27427DF6006F8183 /* Build configuration list for PBXNativeTarget "Road21 (iOS)" */;
			buildPhases = (
				471A672927427DF6006F8183 /* Sources */,
				471A672A27427DF6006F8183 /* Frameworks */,
				471A672B27427DF6006F8183 /* Resources */,
			);
			buildRules = (
			);
			dependencies = (
			);
			name = "Road21 (iOS)";
			productName = "JourneyApp (iOS)";
			productReference = 471A672D27427DF6006F8183 /* Road21.app */;
			productType = "com.apple.product-type.application";
		};
		471A673227427DF6006F8183 /* Road21 (macOS) */ = {
			isa = PBXNativeTarget;
			buildConfigurationList = 471A675D27427DF6006F8183 /* Build configuration list for PBXNativeTarget "Road21 (macOS)" */;
			buildPhases = (
				471A672F27427DF6006F8183 /* Sources */,
				471A673027427DF6006F8183 /* Frameworks */,
				471A673127427DF6006F8183 /* Resources */,
			);
			buildRules = (
			);
			dependencies = (
			);
			name = "Road21 (macOS)";
			productName = "JourneyApp (macOS)";
			productReference = 471A673327427DF6006F8183 /* Road21.app */;
			productType = "com.apple.product-type.application";
		};
		471A673927427DF6006F8183 /* Tests iOS */ = {
			isa = PBXNativeTarget;
			buildConfigurationList = 471A676027427DF6006F8183 /* Build configuration list for PBXNativeTarget "Tests iOS" */;
			buildPhases = (
				471A673627427DF6006F8183 /* Sources */,
				471A673727427DF6006F8183 /* Frameworks */,
				471A673827427DF6006F8183 /* Resources */,
			);
			buildRules = (
			);
			dependencies = (
				471A673C27427DF6006F8183 /* PBXTargetDependency */,
			);
			name = "Tests iOS";
			productName = "Tests iOS";
			productReference = 471A673A27427DF6006F8183 /* Tests iOS.xctest */;
			productType = "com.apple.product-type.bundle.ui-testing";
		};
		471A674527427DF6006F8183 /* Tests macOS */ = {
			isa = PBXNativeTarget;
			buildConfigurationList = 471A676327427DF6006F8183 /* Build configuration list for PBXNativeTarget "Tests macOS" */;
			buildPhases = (
				471A674227427DF6006F8183 /* Sources */,
				471A674327427DF6006F8183 /* Frameworks */,
				471A674427427DF6006F8183 /* Resources */,
			);
			buildRules = (
			);
			dependencies = (
				471A674827427DF6006F8183 /* PBXTargetDependency */,
			);
			name = "Tests macOS";
			productName = "Tests macOS";
			productReference = 471A674627427DF6006F8183 /* Tests macOS.xctest */;
			productType = "com.apple.product-type.bundle.ui-testing";
		};
/* End PBXNativeTarget section */

/* Begin PBXProject section */
		471A671E27427DF5006F8183 /* Project object */ = {
			isa = PBXProject;
			attributes = {
				BuildIndependentTargetsInParallel = 1;
				LastSwiftUpdateCheck = 1310;
				LastUpgradeCheck = 1310;
				TargetAttributes = {
					471A672C27427DF6006F8183 = {
						CreatedOnToolsVersion = 13.1;
					};
					471A673227427DF6006F8183 = {
						CreatedOnToolsVersion = 13.1;
					};
					471A673927427DF6006F8183 = {
						CreatedOnToolsVersion = 13.1;
						TestTargetID = 471A672C27427DF6006F8183;
					};
					471A674527427DF6006F8183 = {
						CreatedOnToolsVersion = 13.1;
						TestTargetID = 471A673227427DF6006F8183;
					};
				};
			};
			buildConfigurationList = 471A672127427DF5006F8183 /* Build configuration list for PBXProject "Road21" */;
			compatibilityVersion = "Xcode 13.0";
			developmentRegion = en;
			hasScannedForEncodings = 0;
			knownRegions = (
				en,
				Base,
			);
			mainGroup = 471A671D27427DF5006F8183;
			productRefGroup = 471A672E27427DF6006F8183 /* Products */;
			projectDirPath = "";
			projectRoot = "";
			targets = (
				471A672C27427DF6006F8183 /* Road21 (iOS) */,
				471A673227427DF6006F8183 /* Road21 (macOS) */,
				471A673927427DF6006F8183 /* Tests iOS */,
				471A674527427DF6006F8183 /* Tests macOS */,
			);
		};
/* End PBXProject section */

/* Begin PBXResourcesBuildPhase section */
		471A672B27427DF6006F8183 /* Resources */ = {
			isa = PBXResourcesBuildPhase;
			buildActionMask = 2147483647;
			files = (
				471A675627427DF6006F8183 /* Assets.xcassets in Resources */,
			);
			runOnlyForDeploymentPostprocessing = 0;
		};
		471A673127427DF6006F8183 /* Resources */ = {
			isa = PBXResourcesBuildPhase;
			buildActionMask = 2147483647;
			files = (
				471A675727427DF6006F8183 /* Assets.xcassets in Resources */,
			);
			runOnlyForDeploymentPostprocessing = 0;
		};
		471A673827427DF6006F8183 /* Resources */ = {
			isa = PBXResourcesBuildPhase;
			buildActionMask = 2147483647;
			files = (
			);
			runOnlyForDeploymentPostprocessing = 0;
		};
		471A674427427DF6006F8183 /* Resources */ = {
			isa = PBXResourcesBuildPhase;
			buildActionMask = 2147483647;
			files = (
			);
			runOnlyForDeploymentPostprocessing = 0;
		};
/* End PBXResourcesBuildPhase section */

/* Begin PBXSourcesBuildPhase section */
		471A672927427DF6006F8183 /* Sources */ = {
			isa = PBXSourcesBuildPhase;
			buildActionMask = 2147483647;
			files = (
				92E014772747F52000B98EC8 /* TipsData.swift in Sources */,
				92E014742747F4A900B98EC8 /* TipsView.swift in Sources */,
				471A675427427DF6006F8183 /* Persistence.swift in Sources */,
				926F5A4B274BA3C8009FE115 /* RoutineDetailView.swift in Sources */,
				926F5A4E274BBB62009FE115 /* ModifiyView.swift in Sources */,
				92E0147A2747F56100B98EC8 /* TipsModel.swift in Sources */,
				47337B3B27450514008C9247 /* JourneyAppApp.swift in Sources */,
				4797E8452747FD8D00762A03 /* IntroView.swift in Sources */,
				47DCA618274505DC0054009A /* ContentView.swift in Sources */,
				47DCA61A274505DC0054009A /* NewActivityView.swift in Sources */,
				471A674E27427DF6006F8183 /* JourneyApp.xcdatamodeld in Sources */,
				926F5A48274B9432009FE115 /* ModifyActivityView.swift in Sources */,
			);
			runOnlyForDeploymentPostprocessing = 0;
		};
		471A672F27427DF6006F8183 /* Sources */ = {
			isa = PBXSourcesBuildPhase;
			buildActionMask = 2147483647;
			files = (
				92E014782747F52000B98EC8 /* TipsData.swift in Sources */,
				92E014752747F4A900B98EC8 /* TipsView.swift in Sources */,
				471A675527427DF6006F8183 /* Persistence.swift in Sources */,
				926F5A4C274BA3C8009FE115 /* RoutineDetailView.swift in Sources */,
				926F5A4F274BBB62009FE115 /* ModifiyView.swift in Sources */,
				92E0147B2747F56100B98EC8 /* TipsModel.swift in Sources */,
				47337B3C27450514008C9247 /* JourneyAppApp.swift in Sources */,
				4797E8462747FD8D00762A03 /* IntroView.swift in Sources */,
				47DCA619274505DC0054009A /* ContentView.swift in Sources */,
				47DCA61B274505DC0054009A /* NewActivityView.swift in Sources */,
				471A674F27427DF6006F8183 /* JourneyApp.xcdatamodeld in Sources */,
				926F5A49274B9432009FE115 /* ModifyActivityView.swift in Sources */,
			);
			runOnlyForDeploymentPostprocessing = 0;
		};
		471A673627427DF6006F8183 /* Sources */ = {
			isa = PBXSourcesBuildPhase;
			buildActionMask = 2147483647;
			files = (
				471A674127427DF6006F8183 /* Tests_iOSLaunchTests.swift in Sources */,
				471A673F27427DF6006F8183 /* Tests_iOS.swift in Sources */,
			);
			runOnlyForDeploymentPostprocessing = 0;
		};
		471A674227427DF6006F8183 /* Sources */ = {
			isa = PBXSourcesBuildPhase;
			buildActionMask = 2147483647;
			files = (
				471A674D27427DF6006F8183 /* Tests_macOSLaunchTests.swift in Sources */,
				471A674B27427DF6006F8183 /* Tests_macOS.swift in Sources */,
			);
			runOnlyForDeploymentPostprocessing = 0;
		};
/* End PBXSourcesBuildPhase section */

/* Begin PBXTargetDependency section */
		471A673C27427DF6006F8183 /* PBXTargetDependency */ = {
			isa = PBXTargetDependency;
			target = 471A672C27427DF6006F8183 /* Road21 (iOS) */;
			targetProxy = 471A673B27427DF6006F8183 /* PBXContainerItemProxy */;
		};
		471A674827427DF6006F8183 /* PBXTargetDependency */ = {
			isa = PBXTargetDependency;
			target = 471A673227427DF6006F8183 /* Road21 (macOS) */;
			targetProxy = 471A674727427DF6006F8183 /* PBXContainerItemProxy */;
		};
/* End PBXTargetDependency section */

/* Begin XCBuildConfiguration section */
		471A675827427DF6006F8183 /* Debug */ = {
			isa = XCBuildConfiguration;
			buildSettings = {
				ALWAYS_SEARCH_USER_PATHS = NO;
				CLANG_ANALYZER_NONNULL = YES;
				CLANG_ANALYZER_NUMBER_OBJECT_CONVERSION = YES_AGGRESSIVE;
				CLANG_CXX_LANGUAGE_STANDARD = "gnu++17";
				CLANG_CXX_LIBRARY = "libc++";
				CLANG_ENABLE_MODULES = YES;
				CLANG_ENABLE_OBJC_ARC = YES;
				CLANG_ENABLE_OBJC_WEAK = YES;
				CLANG_WARN_BLOCK_CAPTURE_AUTORELEASING = YES;
				CLANG_WARN_BOOL_CONVERSION = YES;
				CLANG_WARN_COMMA = YES;
				CLANG_WARN_CONSTANT_CONVERSION = YES;
				CLANG_WARN_DEPRECATED_OBJC_IMPLEMENTATIONS = YES;
				CLANG_WARN_DIRECT_OBJC_ISA_USAGE = YES_ERROR;
				CLANG_WARN_DOCUMENTATION_COMMENTS = YES;
				CLANG_WARN_EMPTY_BODY = YES;
				CLANG_WARN_ENUM_CONVERSION = YES;
				CLANG_WARN_INFINITE_RECURSION = YES;
				CLANG_WARN_INT_CONVERSION = YES;
				CLANG_WARN_NON_LITERAL_NULL_CONVERSION = YES;
				CLANG_WARN_OBJC_IMPLICIT_RETAIN_SELF = YES;
				CLANG_WARN_OBJC_LITERAL_CONVERSION = YES;
				CLANG_WARN_OBJC_ROOT_CLASS = YES_ERROR;
				CLANG_WARN_QUOTED_INCLUDE_IN_FRAMEWORK_HEADER = YES;
				CLANG_WARN_RANGE_LOOP_ANALYSIS = YES;
				CLANG_WARN_STRICT_PROTOTYPES = YES;
				CLANG_WARN_SUSPICIOUS_MOVE = YES;
				CLANG_WARN_UNGUARDED_AVAILABILITY = YES_AGGRESSIVE;
				CLANG_WARN_UNREACHABLE_CODE = YES;
				CLANG_WARN__DUPLICATE_METHOD_MATCH = YES;
				COPY_PHASE_STRIP = NO;
				DEBUG_INFORMATION_FORMAT = dwarf;
				ENABLE_STRICT_OBJC_MSGSEND = YES;
				ENABLE_TESTABILITY = YES;
				GCC_C_LANGUAGE_STANDARD = gnu11;
				GCC_DYNAMIC_NO_PIC = NO;
				GCC_NO_COMMON_BLOCKS = YES;
				GCC_OPTIMIZATION_LEVEL = 0;
				GCC_PREPROCESSOR_DEFINITIONS = (
					"DEBUG=1",
					"$(inherited)",
				);
				GCC_WARN_64_TO_32_BIT_CONVERSION = YES;
				GCC_WARN_ABOUT_RETURN_TYPE = YES_ERROR;
				GCC_WARN_UNDECLARED_SELECTOR = YES;
				GCC_WARN_UNINITIALIZED_AUTOS = YES_AGGRESSIVE;
				GCC_WARN_UNUSED_FUNCTION = YES;
				GCC_WARN_UNUSED_VARIABLE = YES;
				MTL_ENABLE_DEBUG_INFO = INCLUDE_SOURCE;
				MTL_FAST_MATH = YES;
				ONLY_ACTIVE_ARCH = YES;
				SWIFT_ACTIVE_COMPILATION_CONDITIONS = DEBUG;
				SWIFT_OPTIMIZATION_LEVEL = "-Onone";
			};
			name = Debug;
		};
		471A675927427DF6006F8183 /* Release */ = {
			isa = XCBuildConfiguration;
			buildSettings = {
				ALWAYS_SEARCH_USER_PATHS = NO;
				CLANG_ANALYZER_NONNULL = YES;
				CLANG_ANALYZER_NUMBER_OBJECT_CONVERSION = YES_AGGRESSIVE;
				CLANG_CXX_LANGUAGE_STANDARD = "gnu++17";
				CLANG_CXX_LIBRARY = "libc++";
				CLANG_ENABLE_MODULES = YES;
				CLANG_ENABLE_OBJC_ARC = YES;
				CLANG_ENABLE_OBJC_WEAK = YES;
				CLANG_WARN_BLOCK_CAPTURE_AUTORELEASING = YES;
				CLANG_WARN_BOOL_CONVERSION = YES;
				CLANG_WARN_COMMA = YES;
				CLANG_WARN_CONSTANT_CONVERSION = YES;
				CLANG_WARN_DEPRECATED_OBJC_IMPLEMENTATIONS = YES;
				CLANG_WARN_DIRECT_OBJC_ISA_USAGE = YES_ERROR;
				CLANG_WARN_DOCUMENTATION_COMMENTS = YES;
				CLANG_WARN_EMPTY_BODY = YES;
				CLANG_WARN_ENUM_CONVERSION = YES;
				CLANG_WARN_INFINITE_RECURSION = YES;
				CLANG_WARN_INT_CONVERSION = YES;
				CLANG_WARN_NON_LITERAL_NULL_CONVERSION = YES;
				CLANG_WARN_OBJC_IMPLICIT_RETAIN_SELF = YES;
				CLANG_WARN_OBJC_LITERAL_CONVERSION = YES;
				CLANG_WARN_OBJC_ROOT_CLASS = YES_ERROR;
				CLANG_WARN_QUOTED_INCLUDE_IN_FRAMEWORK_HEADER = YES;
				CLANG_WARN_RANGE_LOOP_ANALYSIS = YES;
				CLANG_WARN_STRICT_PROTOTYPES = YES;
				CLANG_WARN_SUSPICIOUS_MOVE = YES;
				CLANG_WARN_UNGUARDED_AVAILABILITY = YES_AGGRESSIVE;
				CLANG_WARN_UNREACHABLE_CODE = YES;
				CLANG_WARN__DUPLICATE_METHOD_MATCH = YES;
				COPY_PHASE_STRIP = NO;
				DEBUG_INFORMATION_FORMAT = "dwarf-with-dsym";
				ENABLE_NS_ASSERTIONS = NO;
				ENABLE_STRICT_OBJC_MSGSEND = YES;
				GCC_C_LANGUAGE_STANDARD = gnu11;
				GCC_NO_COMMON_BLOCKS = YES;
				GCC_WARN_64_TO_32_BIT_CONVERSION = YES;
				GCC_WARN_ABOUT_RETURN_TYPE = YES_ERROR;
				GCC_WARN_UNDECLARED_SELECTOR = YES;
				GCC_WARN_UNINITIALIZED_AUTOS = YES_AGGRESSIVE;
				GCC_WARN_UNUSED_FUNCTION = YES;
				GCC_WARN_UNUSED_VARIABLE = YES;
				MTL_ENABLE_DEBUG_INFO = NO;
				MTL_FAST_MATH = YES;
				SWIFT_COMPILATION_MODE = wholemodule;
				SWIFT_OPTIMIZATION_LEVEL = "-O";
			};
			name = Release;
		};
		471A675B27427DF6006F8183 /* Debug */ = {
			isa = XCBuildConfiguration;
			buildSettings = {
				ASSETCATALOG_COMPILER_APPICON_NAME = AppIcon;
				ASSETCATALOG_COMPILER_GLOBAL_ACCENT_COLOR_NAME = AccentColor;
				CODE_SIGN_STYLE = Automatic;
				CURRENT_PROJECT_VERSION = 1;
				DEVELOPMENT_TEAM = 48SG7ZG46A;
				ENABLE_PREVIEWS = YES;
				GENERATE_INFOPLIST_FILE = YES;
				INFOPLIST_KEY_UIApplicationSceneManifest_Generation = YES;
				INFOPLIST_KEY_UIApplicationSupportsIndirectInputEvents = YES;
				INFOPLIST_KEY_UILaunchScreen_Generation = YES;
				INFOPLIST_KEY_UISupportedInterfaceOrientations_iPad = "UIInterfaceOrientationPortrait UIInterfaceOrientationPortraitUpsideDown UIInterfaceOrientationLandscapeLeft UIInterfaceOrientationLandscapeRight";
				INFOPLIST_KEY_UISupportedInterfaceOrientations_iPhone = "UIInterfaceOrientationPortrait UIInterfaceOrientationLandscapeLeft UIInterfaceOrientationLandscapeRight";
				IPHONEOS_DEPLOYMENT_TARGET = 15.0;
				LD_RUNPATH_SEARCH_PATHS = (
					"$(inherited)",
					"@executable_path/Frameworks",
				);
				MARKETING_VERSION = 1.0;
				PRODUCT_BUNDLE_IDENTIFIER = JourneyApp.JourneyApp;
				PRODUCT_NAME = Road21;
				SDKROOT = iphoneos;
				SWIFT_EMIT_LOC_STRINGS = YES;
				SWIFT_VERSION = 5.0;
				TARGETED_DEVICE_FAMILY = "1,2";
			};
			name = Debug;
		};
		471A675C27427DF6006F8183 /* Release */ = {
			isa = XCBuildConfiguration;
			buildSettings = {
				ASSETCATALOG_COMPILER_APPICON_NAME = AppIcon;
				ASSETCATALOG_COMPILER_GLOBAL_ACCENT_COLOR_NAME = AccentColor;
				CODE_SIGN_STYLE = Automatic;
				CURRENT_PROJECT_VERSION = 1;
				DEVELOPMENT_TEAM = 48SG7ZG46A;
				ENABLE_PREVIEWS = YES;
				GENERATE_INFOPLIST_FILE = YES;
				INFOPLIST_KEY_UIApplicationSceneManifest_Generation = YES;
				INFOPLIST_KEY_UIApplicationSupportsIndirectInputEvents = YES;
				INFOPLIST_KEY_UILaunchScreen_Generation = YES;
				INFOPLIST_KEY_UISupportedInterfaceOrientations_iPad = "UIInterfaceOrientationPortrait UIInterfaceOrientationPortraitUpsideDown UIInterfaceOrientationLandscapeLeft UIInterfaceOrientationLandscapeRight";
				INFOPLIST_KEY_UISupportedInterfaceOrientations_iPhone = "UIInterfaceOrientationPortrait UIInterfaceOrientationLandscapeLeft UIInterfaceOrientationLandscapeRight";
				IPHONEOS_DEPLOYMENT_TARGET = 15.0;
				LD_RUNPATH_SEARCH_PATHS = (
					"$(inherited)",
					"@executable_path/Frameworks",
				);
				MARKETING_VERSION = 1.0;
				PRODUCT_BUNDLE_IDENTIFIER = JourneyApp.JourneyApp;
				PRODUCT_NAME = Road21;
				SDKROOT = iphoneos;
				SWIFT_EMIT_LOC_STRINGS = YES;
				SWIFT_VERSION = 5.0;
				TARGETED_DEVICE_FAMILY = "1,2";
				VALIDATE_PRODUCT = YES;
			};
			name = Release;
		};
		471A675E27427DF6006F8183 /* Debug */ = {
			isa = XCBuildConfiguration;
			buildSettings = {
				ASSETCATALOG_COMPILER_APPICON_NAME = AppIcon;
				ASSETCATALOG_COMPILER_GLOBAL_ACCENT_COLOR_NAME = AccentColor;
				CODE_SIGN_ENTITLEMENTS = macOS/macOS.entitlements;
				CODE_SIGN_STYLE = Automatic;
				COMBINE_HIDPI_IMAGES = YES;
				CURRENT_PROJECT_VERSION = 1;
				DEVELOPMENT_TEAM = 48SG7ZG46A;
				ENABLE_PREVIEWS = YES;
				GENERATE_INFOPLIST_FILE = YES;
				INFOPLIST_KEY_NSHumanReadableCopyright = "";
				LD_RUNPATH_SEARCH_PATHS = (
					"$(inherited)",
					"@executable_path/../Frameworks",
				);
				MACOSX_DEPLOYMENT_TARGET = 12.0;
				MARKETING_VERSION = 1.0;
				PRODUCT_BUNDLE_IDENTIFIER = nemesis.JourneyApp;
				PRODUCT_NAME = Road21;
				SDKROOT = macosx;
				SWIFT_EMIT_LOC_STRINGS = YES;
				SWIFT_VERSION = 5.0;
			};
			name = Debug;
		};
		471A675F27427DF6006F8183 /* Release */ = {
			isa = XCBuildConfiguration;
			buildSettings = {
				ASSETCATALOG_COMPILER_APPICON_NAME = AppIcon;
				ASSETCATALOG_COMPILER_GLOBAL_ACCENT_COLOR_NAME = AccentColor;
				CODE_SIGN_ENTITLEMENTS = macOS/macOS.entitlements;
				CODE_SIGN_STYLE = Automatic;
				COMBINE_HIDPI_IMAGES = YES;
				CURRENT_PROJECT_VERSION = 1;
				DEVELOPMENT_TEAM = 48SG7ZG46A;
				ENABLE_PREVIEWS = YES;
				GENERATE_INFOPLIST_FILE = YES;
				INFOPLIST_KEY_NSHumanReadableCopyright = "";
				LD_RUNPATH_SEARCH_PATHS = (
					"$(inherited)",
					"@executable_path/../Frameworks",
				);
				MACOSX_DEPLOYMENT_TARGET = 12.0;
				MARKETING_VERSION = 1.0;
				PRODUCT_BUNDLE_IDENTIFIER = nemesis.JourneyApp;
				PRODUCT_NAME = Road21;
				SDKROOT = macosx;
				SWIFT_EMIT_LOC_STRINGS = YES;
				SWIFT_VERSION = 5.0;
			};
			name = Release;
		};
		471A676127427DF6006F8183 /* Debug */ = {
			isa = XCBuildConfiguration;
			buildSettings = {
				ALWAYS_EMBED_SWIFT_STANDARD_LIBRARIES = YES;
				CODE_SIGN_STYLE = Automatic;
				CURRENT_PROJECT_VERSION = 1;
				DEVELOPMENT_TEAM = 48SG7ZG46A;
				GENERATE_INFOPLIST_FILE = YES;
				IPHONEOS_DEPLOYMENT_TARGET = 15.0;
				LD_RUNPATH_SEARCH_PATHS = (
					"$(inherited)",
					"@executable_path/Frameworks",
					"@loader_path/Frameworks",
				);
				MARKETING_VERSION = 1.0;
				PRODUCT_BUNDLE_IDENTIFIER = "nemesis.Tests-iOS";
				PRODUCT_NAME = "$(TARGET_NAME)";
				SDKROOT = iphoneos;
				SWIFT_EMIT_LOC_STRINGS = NO;
				SWIFT_VERSION = 5.0;
				TARGETED_DEVICE_FAMILY = "1,2";
				TEST_TARGET_NAME = "JourneyApp (iOS)";
			};
			name = Debug;
		};
		471A676227427DF6006F8183 /* Release */ = {
			isa = XCBuildConfiguration;
			buildSettings = {
				ALWAYS_EMBED_SWIFT_STANDARD_LIBRARIES = YES;
				CODE_SIGN_STYLE = Automatic;
				CURRENT_PROJECT_VERSION = 1;
				DEVELOPMENT_TEAM = 48SG7ZG46A;
				GENERATE_INFOPLIST_FILE = YES;
				IPHONEOS_DEPLOYMENT_TARGET = 15.0;
				LD_RUNPATH_SEARCH_PATHS = (
					"$(inherited)",
					"@executable_path/Frameworks",
					"@loader_path/Frameworks",
				);
				MARKETING_VERSION = 1.0;
				PRODUCT_BUNDLE_IDENTIFIER = "nemesis.Tests-iOS";
				PRODUCT_NAME = "$(TARGET_NAME)";
				SDKROOT = iphoneos;
				SWIFT_EMIT_LOC_STRINGS = NO;
				SWIFT_VERSION = 5.0;
				TARGETED_DEVICE_FAMILY = "1,2";
				TEST_TARGET_NAME = "JourneyApp (iOS)";
				VALIDATE_PRODUCT = YES;
			};
			name = Release;
		};
		471A676427427DF6006F8183 /* Debug */ = {
			isa = XCBuildConfiguration;
			buildSettings = {
				ALWAYS_EMBED_SWIFT_STANDARD_LIBRARIES = YES;
				CODE_SIGN_STYLE = Automatic;
				COMBINE_HIDPI_IMAGES = YES;
				CURRENT_PROJECT_VERSION = 1;
				DEVELOPMENT_TEAM = 48SG7ZG46A;
				GENERATE_INFOPLIST_FILE = YES;
				LD_RUNPATH_SEARCH_PATHS = (
					"$(inherited)",
					"@executable_path/../Frameworks",
					"@loader_path/../Frameworks",
				);
				MACOSX_DEPLOYMENT_TARGET = 12.0;
				MARKETING_VERSION = 1.0;
				PRODUCT_BUNDLE_IDENTIFIER = "nemesis.Tests-macOS";
				PRODUCT_NAME = "$(TARGET_NAME)";
				SDKROOT = macosx;
				SWIFT_EMIT_LOC_STRINGS = NO;
				SWIFT_VERSION = 5.0;
				TEST_TARGET_NAME = "JourneyApp (macOS)";
			};
			name = Debug;
		};
		471A676527427DF6006F8183 /* Release */ = {
			isa = XCBuildConfiguration;
			buildSettings = {
				ALWAYS_EMBED_SWIFT_STANDARD_LIBRARIES = YES;
				CODE_SIGN_STYLE = Automatic;
				COMBINE_HIDPI_IMAGES = YES;
				CURRENT_PROJECT_VERSION = 1;
				DEVELOPMENT_TEAM = 48SG7ZG46A;
				GENERATE_INFOPLIST_FILE = YES;
				LD_RUNPATH_SEARCH_PATHS = (
					"$(inherited)",
					"@executable_path/../Frameworks",
					"@loader_path/../Frameworks",
				);
				MACOSX_DEPLOYMENT_TARGET = 12.0;
				MARKETING_VERSION = 1.0;
				PRODUCT_BUNDLE_IDENTIFIER = "nemesis.Tests-macOS";
				PRODUCT_NAME = "$(TARGET_NAME)";
				SDKROOT = macosx;
				SWIFT_EMIT_LOC_STRINGS = NO;
				SWIFT_VERSION = 5.0;
				TEST_TARGET_NAME = "JourneyApp (macOS)";
			};
			name = Release;
		};
/* End XCBuildConfiguration section */

/* Begin XCConfigurationList section */
		471A672127427DF5006F8183 /* Build configuration list for PBXProject "Road21" */ = {
			isa = XCConfigurationList;
			buildConfigurations = (
				471A675827427DF6006F8183 /* Debug */,
				471A675927427DF6006F8183 /* Release */,
			);
			defaultConfigurationIsVisible = 0;
			defaultConfigurationName = Release;
		};
		471A675A27427DF6006F8183 /* Build configuration list for PBXNativeTarget "Road21 (iOS)" */ = {
			isa = XCConfigurationList;
			buildConfigurations = (
				471A675B27427DF6006F8183 /* Debug */,
				471A675C27427DF6006F8183 /* Release */,
			);
			defaultConfigurationIsVisible = 0;
			defaultConfigurationName = Release;
		};
		471A675D27427DF6006F8183 /* Build configuration list for PBXNativeTarget "Road21 (macOS)" */ = {
			isa = XCConfigurationList;
			buildConfigurations = (
				471A675E27427DF6006F8183 /* Debug */,
				471A675F27427DF6006F8183 /* Release */,
			);
			defaultConfigurationIsVisible = 0;
			defaultConfigurationName = Release;
		};
		471A676027427DF6006F8183 /* Build configuration list for PBXNativeTarget "Tests iOS" */ = {
			isa = XCConfigurationList;
			buildConfigurations = (
				471A676127427DF6006F8183 /* Debug */,
				471A676227427DF6006F8183 /* Release */,
			);
			defaultConfigurationIsVisible = 0;
			defaultConfigurationName = Release;
		};
		471A676327427DF6006F8183 /* Build configuration list for PBXNativeTarget "Tests macOS" */ = {
			isa = XCConfigurationList;
			buildConfigurations = (
				471A676427427DF6006F8183 /* Debug */,
				471A676527427DF6006F8183 /* Release */,
			);
			defaultConfigurationIsVisible = 0;
			defaultConfigurationName = Release;
		};
/* End XCConfigurationList section */

/* Begin XCVersionGroup section */
		471A672327427DF5006F8183 /* JourneyApp.xcdatamodeld */ = {
			isa = XCVersionGroup;
			children = (
				471A672427427DF5006F8183 /* Shared.xcdatamodel */,
			);
			currentVersion = 471A672427427DF5006F8183 /* Shared.xcdatamodel */;
			path = JourneyApp.xcdatamodeld;
			sourceTree = "<group>";
			versionGroupType = wrapper.xcdatamodel;
		};
/* End XCVersionGroup section */
	};
	rootObject = 471A671E27427DF5006F8183 /* Project object */;
}
